<?xml version="1.0" encoding="utf-8"?>
<Project ToolsVersion="4.0" xmlns="http://schemas.microsoft.com/developer/msbuild/2003">
  <ItemGroup>
    <Filter Include="入口">
      <UniqueIdentifier>{b10c33a8-75e1-404b-8220-67cfdd2cccec}</UniqueIdentifier>
    </Filter>
    <Filter Include="数据结构">
      <UniqueIdentifier>{e69ea6f4-56a2-4fce-b5a4-d425ef155098}</UniqueIdentifier>
    </Filter>
    <Filter Include="模块">
      <UniqueIdentifier>{93995380-89BD-4b04-88EB-625FBE52EBFB}</UniqueIdentifier>
      <Extensions>h;hh;hpp;hxx;hm;inl;inc;xsd</Extensions>
    </Filter>
    <Filter Include="模块\输入">
      <UniqueIdentifier>{b001f18e-0a2e-4d6b-90b9-a282b1059880}</UniqueIdentifier>
    </Filter>
    <Filter Include="框架">
      <UniqueIdentifier>{89ab8bae-cc84-44c4-9050-5408921580dc}</UniqueIdentifier>
    </Filter>
  </ItemGroup>
  <ItemGroup>
    <ClInclude Include="LinkList.h">
      <Filter>数据结构</Filter>
    </ClInclude>
    <ClInclude Include="GameInput.h">
      <Filter>模块\输入</Filter>
    </ClInclude>
    <ClInclude Include="GameEngine.h">
      <Filter>框架</Filter>
    </ClInclude>
  </ItemGroup>
  <ItemGroup>
    <ClCompile Include="WinMain.cpp">
      <Filter>入口</Filter>
    </ClCompile>
    <ClCompile Include="GameInput.cpp">
      <Filter>模块\输入</Filter>
    </ClCompile>
  </ItemGroup>
</Project>